
Microsoft Visual Studio Solution File, Format Version 12.00
# Visual Studio Version 17
VisualStudioVersion = 17.5.33424.131
MinimumVisualStudioVersion = 10.0.40219.1
Project("{888888A0-9F3D-457C-B088-3A5042F75D52}") = "PythonWork1", "PythonWork1\PythonWork1.pyproj", "{02B9265A-C020-4299-A64E-2603D544A612}"
EndProject
Global
	GlobalSection(SolutionConfigurationPlatforms) = preSolution
		Debug|Any CPU = Debug|Any CPU
		Release|Any CPU = Release|Any CPU
	EndGlobalSection
	GlobalSection(ProjectConfigurationPlatforms) = postSolution
		{02B9265A-C020-4299-A64E-2603D544A612}.Debug|Any CPU.ActiveCfg = Debug|Any CPU
		{02B9265A-C020-4299-A64E-2603D544A612}.Release|Any CPU.ActiveCfg = Release|Any CPU
	EndGlobalSection
	GlobalSection(SolutionProperties) = preSolution
		HideSolutionNode = FALSE
	EndGlobalSection
	GlobalSection(ExtensibilityGlobals) = postSolution
		SolutionGuid = {6DEE344E-AC16-40DC-9FED-CB5617B26FEF}
	EndGlobalSection
EndGlobal
